
Microsoft Visual Studio Solution File, Format Version 12.00
# Visual Studio Version 17
VisualStudioVersion = 17.14.36301.6 d17.14
MinimumVisualStudioVersion = 10.0.40219.1
Project("{FAE04EC0-301F-11D3-BF4B-00C04F79EFBC}") = "Public.WEB", "Public.WEB\Public.WEB.csproj", "{B779BA32-526F-4CC7-BE59-3AF5B5104AE5}"
EndProject
Global
	GlobalSection(SolutionConfigurationPlatforms) = preSolution
		Debug|Any CPU = Debug|Any CPU
		Release|Any CPU = Release|Any CPU
	EndGlobalSection
	GlobalSection(ProjectConfigurationPlatforms) = postSolution
		{B779BA32-526F-4CC7-BE59-3AF5B5104AE5}.Debug|Any CPU.ActiveCfg = Debug|Any CPU
		{B779BA32-526F-4CC7-BE59-3AF5B5104AE5}.Debug|Any CPU.Build.0 = Debug|Any CPU
		{B779BA32-526F-4CC7-BE59-3AF5B5104AE5}.Release|Any CPU.ActiveCfg = Release|Any CPU
		{B779BA32-526F-4CC7-BE59-3AF5B5104AE5}.Release|Any CPU.Build.0 = Release|Any CPU
	EndGlobalSection
	GlobalSection(SolutionProperties) = preSolution
		HideSolutionNode = FALSE
	EndGlobalSection
	GlobalSection(ExtensibilityGlobals) = postSolution
		SolutionGuid = {70FA5A64-B4D2-45F4-9EE3-7299070A4F5E}
	EndGlobalSection
EndGlobal
